{
  "version": 4,
  "terraform_version": "1.3.1",
  "serial": 81,
  "lineage": "26b292d7-42bf-8d74-8a5e-12248a1bc342",
  "outputs": {
    "vpc_public_subnets": {
      "value": [
        "subnet-030796328680836ba"
      ],
      "type": [
        "tuple",
        [
          "string"
        ]
      ]
    }
  },
  "resources": [
    {
      "mode": "managed",
      "type": "aws_eip",
      "name": "nat",
      "provider": "provider[\"registry.terraform.io/hashicorp/aws\"]",
      "instances": [
        {
          "index_key": 0,
          "schema_version": 0,
          "attributes": {
            "address": null,
            "allocation_id": "eipalloc-029c21b64e075242f",
            "associate_with_private_ip": null,
            "association_id": "",
            "carrier_ip": "",
            "customer_owned_ip": "",
            "customer_owned_ipv4_pool": "",
            "domain": "vpc",
            "id": "eipalloc-029c21b64e075242f",
            "instance": "",
            "network_border_group": "us-west-2",
            "network_interface": "",
            "private_dns": null,
            "private_ip": "",
            "public_dns": "ec2-52-24-18-79.us-west-2.compute.amazonaws.com",
            "public_ip": "52.24.18.79",
            "public_ipv4_pool": "amazon",
            "tags": {
              "name": "Wave-cycle"
            },
            "tags_all": {
              "hashicorp-learn": "module-use",
              "name": "Wave-cycle"
            },
            "timeouts": null,
            "vpc": true
          },
          "sensitive_attributes": [],
          "private": "eyJlMmJmYjczMC1lY2FhLTExZTYtOGY4OC0zNDM2M2JjN2M0YzAiOnsiZGVsZXRlIjoxODAwMDAwMDAwMDAsInJlYWQiOjkwMDAwMDAwMDAwMCwidXBkYXRlIjozMDAwMDAwMDAwMDB9fQ=="
        }
      ]
    },
    {
      "mode": "managed",
      "type": "null_resource",
      "name": "key-wave",
      "provider": "provider[\"registry.terraform.io/hashicorp/null\"]",
      "instances": [
        {
          "schema_version": 0,
          "attributes": {
            "id": "6647088300985028817",
            "triggers": null
          },
          "sensitive_attributes": [],
          "private": "bnVsbA==",
          "dependencies": [
            "tls_private_key.wave"
          ]
        }
      ]
    },
    {
      "mode": "managed",
      "type": "tls_private_key",
      "name": "wave",
      "provider": "provider[\"registry.terraform.io/hashicorp/tls\"]",
      "instances": [
        {
          "schema_version": 1,
          "attributes": {
            "algorithm": "RSA",
            "ecdsa_curve": "P224",
            "id": "3bf8bf102d39166030df302f350fe7632f2287d2",
            "private_key_openssh": "-----BEGIN OPENSSH PRIVATE KEY-----\nb3BlbnNzaC1rZXktdjEAAAAABG5vbmUAAAAEbm9uZQAAAAAAAAABAAABFwAAAAdz\nc2gtcnNhAAAAAwEAAQAAAQEAxFXIZAyvepL8X/h7V5Rzftrjd6G+PRMMDg9zr4M2\ngfUazlnLOO3zn7VW92b/H2D2/4ZHZYNCXj8lESYX4kUjUAFQt7ZloZRTWcI1Z6A0\nDM33I598rzubizerJO4KbgyoHf/K2FwRkvYjvHWFuvroxOETgWLBVI2eo/1TUFQ4\nXAxrQP8Gcb9OtbW6FTabtiFn/dZO6TD7TLs3LXVndgUxEKdEdnrLEpAGxk9rOXbL\nfp6zgUD/wvuAS+QpuKxVHIo1HVs9mIlGoe9wfkXpsBXoRlDQ+5azejZUup/NxOtX\nKoGGRdOaDtwaU4VQnf82YbS6jJdEvn1J7M7cre0thQJs+QAAA7jR+S9k0fkvZAAA\nAAdzc2gtcnNhAAABAQDEVchkDK96kvxf+HtXlHN+2uN3ob49EwwOD3OvgzaB9RrO\nWcs47fOftVb3Zv8fYPb/hkdlg0JePyURJhfiRSNQAVC3tmWhlFNZwjVnoDQMzfcj\nn3yvO5uLN6sk7gpuDKgd/8rYXBGS9iO8dYW6+ujE4ROBYsFUjZ6j/VNQVDhcDGtA\n/wZxv061tboVNpu2IWf91k7pMPtMuzctdWd2BTEQp0R2essSkAbGT2s5dst+nrOB\nQP/C+4BL5Cm4rFUcijUdWz2YiUah73B+RemwFehGUND7lrN6NlS6n83E61cqgYZF\n05oO3BpThVCd/zZhtLqMl0S+fUnsztyt7S2FAmz5AAAAAwEAAQAAAQEAtA5Ty+WS\nXOBGEaGpREWBsjn92C3+cLZyHMbw+mpkZ8SoQ8w3wsr+3V4KFrRfjqB3hRnZinBZ\nQmO4k8SSrNFpNCswonrlM8z6r9ua7KEQexm85++RAoew+3kfPKwN5qU23OREXC37\ndALF/UTuUu9e34fnQoaV9Pw4G/7sFERYt5iRTbnCtEhGLtrt883ArGq6CE54B1x4\nzxodKR5RzGB1a8vqLfmL4cunLl86uAoX+Zribl8YuR4lYX67XDJhFw9zPe8Sb1k8\n1r48S3WqxpVAJZig/m2vuaLgtk54x7PwW9bBC05FyyXQQsj0hvhHPwigLPVsM/CM\npnde+ndOM24jfQAAAIA5664Gisskn6cTenkSCBY1it5hXJP7/BRsk/r2YATFmqC6\nMsuQsE+A/ebXGRtmQ+rtLF8t7D33jVlhOt7DCazS4X0zgBR6PMIIby0NvwgcHqas\nusztWrappwhMAZ86ya7+6Lt8r1vDQwdlCElOoN57Pb0JSxLII/FP2LAfDwB1RgAA\nAIEA/8ncvaCA56nLVTmGZzPH9vKqB2afr4TlynTkNY1cEDT6k4KlmV0JesahlXhE\nRvPS9epxsTaq9kQF6SbZd4kpRVL1nkZXVtcMc1TgpFYJ+RBs4sWgOOGMJnXyKCHx\nlTGStoDicHNrLN0j/Nuj1xXtFCfGkGyu2UiSWvNJQRdwCUMAAACBAMR/VlCcnpkb\nL1Yy1xhiSZp3OfV+HDJ15qyIm+qF+X2Ov8tmNvSbcGKzLvybfF3KtlvEhfBk50Iy\nwDlxq8JZGHmqDwCmWTlj1vxjRrAPb3WrpCPQhOTewQ99SMssb0krZa+51ihlT4c7\nKVUWpFEpgnkQMkS6KEr3rVFxAwyUKP8TAAAAAAEC\n-----END OPENSSH PRIVATE KEY-----\n",
            "private_key_pem": "-----BEGIN RSA PRIVATE KEY-----\nMIIEpQIBAAKCAQEAxFXIZAyvepL8X/h7V5Rzftrjd6G+PRMMDg9zr4M2gfUazlnL\nOO3zn7VW92b/H2D2/4ZHZYNCXj8lESYX4kUjUAFQt7ZloZRTWcI1Z6A0DM33I598\nrzubizerJO4KbgyoHf/K2FwRkvYjvHWFuvroxOETgWLBVI2eo/1TUFQ4XAxrQP8G\ncb9OtbW6FTabtiFn/dZO6TD7TLs3LXVndgUxEKdEdnrLEpAGxk9rOXbLfp6zgUD/\nwvuAS+QpuKxVHIo1HVs9mIlGoe9wfkXpsBXoRlDQ+5azejZUup/NxOtXKoGGRdOa\nDtwaU4VQnf82YbS6jJdEvn1J7M7cre0thQJs+QIDAQABAoIBAQC0DlPL5ZJc4EYR\noalERYGyOf3YLf5wtnIcxvD6amRnxKhDzDfCyv7dXgoWtF+OoHeFGdmKcFlCY7iT\nxJKs0Wk0KzCieuUzzPqv25rsoRB7Gbzn75ECh7D7eR88rA3mpTbc5ERcLft0AsX9\nRO5S717fh+dChpX0/Dgb/uwURFi3mJFNucK0SEYu2u3zzcCsaroITngHXHjPGh0p\nHlHMYHVry+ot+Yvhy6cuXzq4Chf5muJuXxi5HiVhfrtcMmEXD3M97xJvWTzWvjxL\ndarGlUAlmKD+ba+5ouC2TnjHs/Bb1sELTkXLJdBCyPSG+Ec/CKAs9Wwz8Iymd176\nd04zbiN9AoGBAP/J3L2ggOepy1U5hmczx/byqgdmn6+E5cp05DWNXBA0+pOCpZld\nCXrGoZV4REbz0vXqcbE2qvZEBekm2XeJKUVS9Z5GV1bXDHNU4KRWCfkQbOLFoDjh\njCZ18igh8ZUxkraA4nBzayzdI/zbo9cV7RQnxpBsrtlIklrzSUEXcAlDAoGBAMR/\nVlCcnpkbL1Yy1xhiSZp3OfV+HDJ15qyIm+qF+X2Ov8tmNvSbcGKzLvybfF3KtlvE\nhfBk50IywDlxq8JZGHmqDwCmWTlj1vxjRrAPb3WrpCPQhOTewQ99SMssb0krZa+5\n1ihlT4c7KVUWpFEpgnkQMkS6KEr3rVFxAwyUKP8TAoGBAJYAqlvmIVI6B80d5Azn\nl+/hFQcsDp9e32dgL2icUo4Kk5wn9LdAkUuX6rB+DART/rZKW4wiVBYBhDnbl5J7\nNGG8KeA8vgFmMZ38+5REBKs0D7bZUIGq+4aeinkwlrz4imJOqPxrI0H3GaCyqZ17\n9UFppg+SPOOdpH6Dx8TNWt2DAoGBAK6lYwlI+ymn4N3jWAxjJ3oz5/7LNLKg2gKV\ndMbwhvxSySM2WTf1g+El02hPpi0SxBwyQr2UYXsT8ofcAUY+vCM+xBDWyUzZ8TXn\n4ucPAQj8Imp2pfdqCPwEZZO3jb3h5YJXUQIccaAHNEhdVHSSyVVi0NsG/lMLai+N\nm6EtenajAoGAOeuuBorLJJ+nE3p5EggWNYreYVyT+/wUbJP69mAExZqgujLLkLBP\ngP3m1xkbZkPq7SxfLew9941ZYTrewwms0uF9M4AUejzCCG8tDb8IHB6mrLrM7Vq2\nqacITAGfOsmu/ui7fK9bw0MHZQhJTqDeez29CUsSyCPxT9iwHw8AdUY=\n-----END RSA PRIVATE KEY-----\n",
            "private_key_pem_pkcs8": "-----BEGIN PRIVATE KEY-----\nMIIEvwIBADANBgkqhkiG9w0BAQEFAASCBKkwggSlAgEAAoIBAQDEVchkDK96kvxf\n+HtXlHN+2uN3ob49EwwOD3OvgzaB9RrOWcs47fOftVb3Zv8fYPb/hkdlg0JePyUR\nJhfiRSNQAVC3tmWhlFNZwjVnoDQMzfcjn3yvO5uLN6sk7gpuDKgd/8rYXBGS9iO8\ndYW6+ujE4ROBYsFUjZ6j/VNQVDhcDGtA/wZxv061tboVNpu2IWf91k7pMPtMuzct\ndWd2BTEQp0R2essSkAbGT2s5dst+nrOBQP/C+4BL5Cm4rFUcijUdWz2YiUah73B+\nRemwFehGUND7lrN6NlS6n83E61cqgYZF05oO3BpThVCd/zZhtLqMl0S+fUnsztyt\n7S2FAmz5AgMBAAECggEBALQOU8vlklzgRhGhqURFgbI5/dgt/nC2chzG8PpqZGfE\nqEPMN8LK/t1eCha0X46gd4UZ2YpwWUJjuJPEkqzRaTQrMKJ65TPM+q/bmuyhEHsZ\nvOfvkQKHsPt5HzysDealNtzkRFwt+3QCxf1E7lLvXt+H50KGlfT8OBv+7BREWLeY\nkU25wrRIRi7a7fPNwKxqughOeAdceM8aHSkeUcxgdWvL6i35i+HLpy5fOrgKF/ma\n4m5fGLkeJWF+u1wyYRcPcz3vEm9ZPNa+PEt1qsaVQCWYoP5tr7mi4LZOeMez8FvW\nwQtORcsl0ELI9Ib4Rz8IoCz1bDPwjKZ3Xvp3TjNuI30CgYEA/8ncvaCA56nLVTmG\nZzPH9vKqB2afr4TlynTkNY1cEDT6k4KlmV0JesahlXhERvPS9epxsTaq9kQF6SbZ\nd4kpRVL1nkZXVtcMc1TgpFYJ+RBs4sWgOOGMJnXyKCHxlTGStoDicHNrLN0j/Nuj\n1xXtFCfGkGyu2UiSWvNJQRdwCUMCgYEAxH9WUJyemRsvVjLXGGJJmnc59X4cMnXm\nrIib6oX5fY6/y2Y29JtwYrMu/Jt8Xcq2W8SF8GTnQjLAOXGrwlkYeaoPAKZZOWPW\n/GNGsA9vdaukI9CE5N7BD31IyyxvSStlr7nWKGVPhzspVRakUSmCeRAyRLooSvet\nUXEDDJQo/xMCgYEAlgCqW+YhUjoHzR3kDOeX7+EVBywOn17fZ2AvaJxSjgqTnCf0\nt0CRS5fqsH4MBFP+tkpbjCJUFgGEOduXkns0Ybwp4Dy+AWYxnfz7lEQEqzQPttlQ\ngar7hp6KeTCWvPiKYk6o/GsjQfcZoLKpnXv1QWmmD5I8452kfoPHxM1a3YMCgYEA\nrqVjCUj7Kafg3eNYDGMnejPn/ss0sqDaApV0xvCG/FLJIzZZN/WD4SXTaE+mLRLE\nHDJCvZRhexPyh9wBRj68Iz7EENbJTNnxNefi5w8BCPwianal92oI/ARlk7eNveHl\ngldRAhxxoAc0SF1UdJLJVWLQ2wb+UwtqL42boS16dqMCgYA5664Gisskn6cTenkS\nCBY1it5hXJP7/BRsk/r2YATFmqC6MsuQsE+A/ebXGRtmQ+rtLF8t7D33jVlhOt7D\nCazS4X0zgBR6PMIIby0NvwgcHqasusztWrappwhMAZ86ya7+6Lt8r1vDQwdlCElO\noN57Pb0JSxLII/FP2LAfDwB1Rg==\n-----END PRIVATE KEY-----\n",
            "public_key_fingerprint_md5": "38:05:c7:a6:71:52:ac:90:ef:75:ca:f4:6c:60:2a:d3",
            "public_key_fingerprint_sha256": "SHA256:aLGqwHXKfcAgdtQBHUUgvSPP8KnYZCvUW8/wjDKH1pU",
            "public_key_openssh": "ssh-rsa AAAAB3NzaC1yc2EAAAADAQABAAABAQDEVchkDK96kvxf+HtXlHN+2uN3ob49EwwOD3OvgzaB9RrOWcs47fOftVb3Zv8fYPb/hkdlg0JePyURJhfiRSNQAVC3tmWhlFNZwjVnoDQMzfcjn3yvO5uLN6sk7gpuDKgd/8rYXBGS9iO8dYW6+ujE4ROBYsFUjZ6j/VNQVDhcDGtA/wZxv061tboVNpu2IWf91k7pMPtMuzctdWd2BTEQp0R2essSkAbGT2s5dst+nrOBQP/C+4BL5Cm4rFUcijUdWz2YiUah73B+RemwFehGUND7lrN6NlS6n83E61cqgYZF05oO3BpThVCd/zZhtLqMl0S+fUnsztyt7S2FAmz5\n",
            "public_key_pem": "-----BEGIN PUBLIC KEY-----\nMIIBIjANBgkqhkiG9w0BAQEFAAOCAQ8AMIIBCgKCAQEAxFXIZAyvepL8X/h7V5Rz\nftrjd6G+PRMMDg9zr4M2gfUazlnLOO3zn7VW92b/H2D2/4ZHZYNCXj8lESYX4kUj\nUAFQt7ZloZRTWcI1Z6A0DM33I598rzubizerJO4KbgyoHf/K2FwRkvYjvHWFuvro\nxOETgWLBVI2eo/1TUFQ4XAxrQP8Gcb9OtbW6FTabtiFn/dZO6TD7TLs3LXVndgUx\nEKdEdnrLEpAGxk9rOXbLfp6zgUD/wvuAS+QpuKxVHIo1HVs9mIlGoe9wfkXpsBXo\nRlDQ+5azejZUup/NxOtXKoGGRdOaDtwaU4VQnf82YbS6jJdEvn1J7M7cre0thQJs\n+QIDAQAB\n-----END PUBLIC KEY-----\n",
            "rsa_bits": 2048
          },
          "sensitive_attributes": []
        }
      ]
    },
    {
      "module": "module.ec2_instance",
      "mode": "managed",
      "type": "aws_spot_instance_request",
      "name": "this",
      "provider": "provider[\"registry.terraform.io/hashicorp/aws\"]",
      "instances": [
        {
          "index_key": 0,
          "schema_version": 0,
          "attributes": {
            "ami": "ami-08e2d37b6a0129927",
            "arn": null,
            "associate_public_ip_address": null,
            "availability_zone": null,
            "block_duration_minutes": 0,
            "capacity_reservation_specification": null,
            "cpu_core_count": null,
            "cpu_threads_per_core": null,
            "credit_specification": [
              {
                "cpu_credits": null
              }
            ],
            "disable_api_stop": null,
            "disable_api_termination": null,
            "ebs_block_device": [],
            "ebs_optimized": null,
            "enclave_options": [
              {
                "enabled": false
              }
            ],
            "ephemeral_block_device": [],
            "get_password_data": false,
            "hibernation": null,
            "host_id": null,
            "host_resource_group_arn": null,
            "iam_instance_profile": null,
            "id": "sir-7kmeejxm",
            "instance_initiated_shutdown_behavior": null,
            "instance_interruption_behavior": "stop",
            "instance_state": null,
            "instance_type": "t2.micro",
            "ipv6_address_count": null,
            "ipv6_addresses": null,
            "key_name": "Wave-cycle",
            "launch_group": "",
            "launch_template": [],
            "maintenance_options": null,
            "metadata_options": [
              {
                "http_endpoint": "enabled",
                "http_put_response_hop_limit": 1,
                "http_tokens": "optional",
                "instance_metadata_tags": ""
              }
            ],
            "monitoring": true,
            "network_interface": [],
            "outpost_arn": null,
            "password_data": null,
            "placement_group": null,
            "placement_partition_number": null,
            "primary_network_interface_id": null,
            "private_dns": null,
            "private_dns_name_options": null,
            "private_ip": null,
            "public_dns": null,
            "public_ip": null,
            "root_block_device": null,
            "secondary_private_ips": [],
            "security_groups": [],
            "source_dest_check": true,
            "spot_bid_status": "pending-fulfillment",
            "spot_instance_id": null,
            "spot_price": "0.011600",
            "spot_request_state": "open",
            "spot_type": "persistent",
            "subnet_id": "subnet-030796328680836ba",
            "tags": {
              "Name": "Wave-cycle",
              "name": "Wave-cycle"
            },
            "tags_all": {
              "Name": "Wave-cycle",
              "hashicorp-learn": "module-use",
              "name": "Wave-cycle"
            },
            "tenancy": null,
            "timeouts": {
              "create": null,
              "delete": null
            },
            "user_data": null,
            "user_data_base64": null,
            "user_data_replace_on_change": false,
            "valid_from": "0001-01-01T00:00:00Z",
            "valid_until": "0001-01-01T00:00:00Z",
            "volume_tags": {
              "Name": "Wave-cycle"
            },
            "vpc_security_group_ids": [
              "sg-011160677e881893f"
            ],
            "wait_for_fulfillment": false
          },
          "sensitive_attributes": [],
          "private": "eyJlMmJmYjczMC1lY2FhLTExZTYtOGY4OC0zNDM2M2JjN2M0YzAiOnsiY3JlYXRlIjo2MDAwMDAwMDAwMDAsImRlbGV0ZSI6MTIwMDAwMDAwMDAwMH19",
          "dependencies": [
            "module.sg.aws_security_group.this",
            "module.sg.aws_security_group.this_name_prefix",
            "module.vpc.aws_subnet.public",
            "module.vpc.aws_vpc.this",
            "module.vpc.aws_vpc_ipv4_cidr_block_association.this"
          ]
        }
      ]
    },
    {
      "module": "module.key_pair",
      "mode": "managed",
      "type": "aws_key_pair",
      "name": "this",
      "provider": "provider[\"registry.terraform.io/hashicorp/aws\"]",
      "instances": [
        {
          "index_key": 0,
          "schema_version": 1,
          "attributes": {
            "arn": "arn:aws:ec2:us-west-2:590436734461:key-pair/Wave-cycle",
            "fingerprint": "2e:cd:e5:95:d0:74:b9:2b:cd:7b:bc:af:7c:a1:b1:b1",
            "id": "Wave-cycle",
            "key_name": "Wave-cycle",
            "key_name_prefix": "",
            "key_pair_id": "key-0439a49888220bbdc",
            "key_type": "rsa",
            "public_key": "ssh-rsa AAAAB3NzaC1yc2EAAAADAQABAAABAQDEVchkDK96kvxf+HtXlHN+2uN3ob49EwwOD3OvgzaB9RrOWcs47fOftVb3Zv8fYPb/hkdlg0JePyURJhfiRSNQAVC3tmWhlFNZwjVnoDQMzfcjn3yvO5uLN6sk7gpuDKgd/8rYXBGS9iO8dYW6+ujE4ROBYsFUjZ6j/VNQVDhcDGtA/wZxv061tboVNpu2IWf91k7pMPtMuzctdWd2BTEQp0R2essSkAbGT2s5dst+nrOBQP/C+4BL5Cm4rFUcijUdWz2YiUah73B+RemwFehGUND7lrN6NlS6n83E61cqgYZF05oO3BpThVCd/zZhtLqMl0S+fUnsztyt7S2FAmz5",
            "tags": null,
            "tags_all": {
              "hashicorp-learn": "module-use"
            }
          },
          "sensitive_attributes": [],
          "private": "eyJzY2hlbWFfdmVyc2lvbiI6IjEifQ==",
          "dependencies": [
            "module.key_pair.tls_private_key.this",
            "tls_private_key.wave"
          ]
        }
      ]
    },
    {
      "module": "module.sg",
      "mode": "managed",
      "type": "aws_security_group",
      "name": "this_name_prefix",
      "provider": "provider[\"registry.terraform.io/hashicorp/aws\"]",
      "instances": [
        {
          "index_key": 0,
          "schema_version": 1,
          "attributes": {
            "arn": "arn:aws:ec2:us-west-2:590436734461:security-group/sg-011160677e881893f",
            "description": "Security group for user-service with custom ports open within VPC, and PostgreSQL publicly open",
            "egress": [],
            "id": "sg-011160677e881893f",
            "ingress": [],
            "name": "Wave-cycle-20221003185910016300000001",
            "name_prefix": "Wave-cycle-",
            "owner_id": "590436734461",
            "revoke_rules_on_delete": false,
            "tags": {
              "Name": "Wave-cycle"
            },
            "tags_all": {
              "Name": "Wave-cycle",
              "hashicorp-learn": "module-use"
            },
            "timeouts": {
              "create": "10m",
              "delete": "15m"
            },
            "vpc_id": "vpc-0b3ed58a44c39b1d6"
          },
          "sensitive_attributes": [],
          "private": "eyJlMmJmYjczMC1lY2FhLTExZTYtOGY4OC0zNDM2M2JjN2M0YzAiOnsiY3JlYXRlIjo2MDAwMDAwMDAwMDAsImRlbGV0ZSI6OTAwMDAwMDAwMDAwfSwic2NoZW1hX3ZlcnNpb24iOiIxIn0=",
          "dependencies": [
            "module.vpc.aws_vpc.this"
          ],
          "create_before_destroy": true
        }
      ]
    },
    {
      "module": "module.sg",
      "mode": "managed",
      "type": "aws_security_group_rule",
      "name": "ingress_with_cidr_blocks",
      "provider": "provider[\"registry.terraform.io/hashicorp/aws\"]",
      "instances": [
        {
          "index_key": 0,
          "schema_version": 2,
          "attributes": {
            "cidr_blocks": [
              "0.0.0.0/0"
            ],
            "description": "",
            "from_port": 0,
            "id": "sgrule-1708209769",
            "ipv6_cidr_blocks": null,
            "prefix_list_ids": [],
            "protocol": "tcp",
            "security_group_id": "sg-011160677e881893f",
            "self": false,
            "source_security_group_id": null,
            "timeouts": null,
            "to_port": 0,
            "type": "ingress"
          },
          "sensitive_attributes": [],
          "private": "eyJlMmJmYjczMC1lY2FhLTExZTYtOGY4OC0zNDM2M2JjN2M0YzAiOnsiY3JlYXRlIjozMDAwMDAwMDAwMDB9LCJzY2hlbWFfdmVyc2lvbiI6IjIifQ==",
          "dependencies": [
            "module.sg.aws_security_group.this",
            "module.sg.aws_security_group.this_name_prefix",
            "module.vpc.aws_vpc.this"
          ]
        }
      ]
    },
    {
      "module": "module.vpc",
      "mode": "managed",
      "type": "aws_eip",
      "name": "nat",
      "provider": "provider[\"registry.terraform.io/hashicorp/aws\"]",
      "instances": [
        {
          "index_key": 0,
          "schema_version": 0,
          "attributes": {
            "address": null,
            "allocation_id": "eipalloc-0a6cc8615607244e9",
            "associate_with_private_ip": null,
            "association_id": "",
            "carrier_ip": "",
            "customer_owned_ip": "",
            "customer_owned_ipv4_pool": "",
            "domain": "vpc",
            "id": "eipalloc-0a6cc8615607244e9",
            "instance": "",
            "network_border_group": "us-west-2",
            "network_interface": "",
            "private_dns": null,
            "private_ip": "",
            "public_dns": "ec2-44-225-107-85.us-west-2.compute.amazonaws.com",
            "public_ip": "44.225.107.85",
            "public_ipv4_pool": "amazon",
            "tags": {
              "Name": "Wave-cycle-us-west-2a"
            },
            "tags_all": {
              "Name": "Wave-cycle-us-west-2a",
              "hashicorp-learn": "module-use"
            },
            "timeouts": null,
            "vpc": true
          },
          "sensitive_attributes": [],
          "private": "eyJlMmJmYjczMC1lY2FhLTExZTYtOGY4OC0zNDM2M2JjN2M0YzAiOnsiZGVsZXRlIjoxODAwMDAwMDAwMDAsInJlYWQiOjkwMDAwMDAwMDAwMCwidXBkYXRlIjozMDAwMDAwMDAwMDB9fQ=="
        }
      ]
    },
    {
      "module": "module.vpc",
      "mode": "managed",
      "type": "aws_internet_gateway",
      "name": "this",
      "provider": "provider[\"registry.terraform.io/hashicorp/aws\"]",
      "instances": [
        {
          "index_key": 0,
          "schema_version": 0,
          "attributes": {
            "arn": "arn:aws:ec2:us-west-2:590436734461:internet-gateway/igw-0d7f9ee46aec528e3",
            "id": "igw-0d7f9ee46aec528e3",
            "owner_id": "590436734461",
            "tags": {
              "Name": "Wave-cycle"
            },
            "tags_all": {
              "Name": "Wave-cycle",
              "hashicorp-learn": "module-use"
            },
            "timeouts": null,
            "vpc_id": "vpc-0b3ed58a44c39b1d6"
          },
          "sensitive_attributes": [],
          "private": "eyJlMmJmYjczMC1lY2FhLTExZTYtOGY4OC0zNDM2M2JjN2M0YzAiOnsiY3JlYXRlIjoxMjAwMDAwMDAwMDAwLCJkZWxldGUiOjEyMDAwMDAwMDAwMDAsInVwZGF0ZSI6MTIwMDAwMDAwMDAwMH19",
          "dependencies": [
            "module.vpc.aws_vpc.this",
            "module.vpc.aws_vpc_ipv4_cidr_block_association.this"
          ]
        }
      ]
    },
    {
      "module": "module.vpc",
      "mode": "managed",
      "type": "aws_nat_gateway",
      "name": "this",
      "provider": "provider[\"registry.terraform.io/hashicorp/aws\"]",
      "instances": [
        {
          "index_key": 0,
          "schema_version": 0,
          "attributes": {
            "allocation_id": "eipalloc-0a6cc8615607244e9",
            "connectivity_type": "public",
            "id": "nat-04a273f5989293429",
            "network_interface_id": "eni-0b35bbb2a9c84026a",
            "private_ip": "190.0.0.156",
            "public_ip": "44.225.107.85",
            "subnet_id": "subnet-030796328680836ba",
            "tags": {
              "Name": "Wave-cycle-us-west-2a"
            },
            "tags_all": {
              "Name": "Wave-cycle-us-west-2a",
              "hashicorp-learn": "module-use"
            }
          },
          "sensitive_attributes": [],
          "private": "bnVsbA==",
          "dependencies": [
            "module.vpc.aws_eip.nat",
            "module.vpc.aws_internet_gateway.this",
            "module.vpc.aws_subnet.public",
            "module.vpc.aws_vpc.this",
            "module.vpc.aws_vpc_ipv4_cidr_block_association.this"
          ]
        }
      ]
    },
    {
      "module": "module.vpc",
      "mode": "managed",
      "type": "aws_route",
      "name": "private_nat_gateway",
      "provider": "provider[\"registry.terraform.io/hashicorp/aws\"]",
      "instances": [
        {
          "index_key": 0,
          "schema_version": 0,
          "attributes": {
            "carrier_gateway_id": "",
            "core_network_arn": "",
            "destination_cidr_block": "0.0.0.0/0",
            "destination_ipv6_cidr_block": "",
            "destination_prefix_list_id": "",
            "egress_only_gateway_id": "",
            "gateway_id": "",
            "id": "r-rtb-094b24a381b5531161080289494",
            "instance_id": "",
            "instance_owner_id": "",
            "local_gateway_id": "",
            "nat_gateway_id": "nat-04a273f5989293429",
            "network_interface_id": "",
            "origin": "CreateRoute",
            "route_table_id": "rtb-094b24a381b553116",
            "state": "active",
            "timeouts": {
              "create": "5m",
              "delete": null,
              "update": null
            },
            "transit_gateway_id": "",
            "vpc_endpoint_id": "",
            "vpc_peering_connection_id": ""
          },
          "sensitive_attributes": [],
          "private": "eyJlMmJmYjczMC1lY2FhLTExZTYtOGY4OC0zNDM2M2JjN2M0YzAiOnsiY3JlYXRlIjozMDAwMDAwMDAwMDAsImRlbGV0ZSI6MzAwMDAwMDAwMDAwLCJ1cGRhdGUiOjEyMDAwMDAwMDAwMH19",
          "dependencies": [
            "module.vpc.aws_eip.nat",
            "module.vpc.aws_internet_gateway.this",
            "module.vpc.aws_nat_gateway.this",
            "module.vpc.aws_route_table.private",
            "module.vpc.aws_subnet.public",
            "module.vpc.aws_vpc.this",
            "module.vpc.aws_vpc_ipv4_cidr_block_association.this"
          ]
        }
      ]
    },
    {
      "module": "module.vpc",
      "mode": "managed",
      "type": "aws_route",
      "name": "public_internet_gateway",
      "provider": "provider[\"registry.terraform.io/hashicorp/aws\"]",
      "instances": [
        {
          "index_key": 0,
          "schema_version": 0,
          "attributes": {
            "carrier_gateway_id": "",
            "core_network_arn": "",
            "destination_cidr_block": "0.0.0.0/0",
            "destination_ipv6_cidr_block": "",
            "destination_prefix_list_id": "",
            "egress_only_gateway_id": "",
            "gateway_id": "igw-0d7f9ee46aec528e3",
            "id": "r-rtb-064cbb5e896e6a7d71080289494",
            "instance_id": "",
            "instance_owner_id": "",
            "local_gateway_id": "",
            "nat_gateway_id": "",
            "network_interface_id": "",
            "origin": "CreateRoute",
            "route_table_id": "rtb-064cbb5e896e6a7d7",
            "state": "active",
            "timeouts": {
              "create": "5m",
              "delete": null,
              "update": null
            },
            "transit_gateway_id": "",
            "vpc_endpoint_id": "",
            "vpc_peering_connection_id": ""
          },
          "sensitive_attributes": [],
          "private": "eyJlMmJmYjczMC1lY2FhLTExZTYtOGY4OC0zNDM2M2JjN2M0YzAiOnsiY3JlYXRlIjozMDAwMDAwMDAwMDAsImRlbGV0ZSI6MzAwMDAwMDAwMDAwLCJ1cGRhdGUiOjEyMDAwMDAwMDAwMH19",
          "dependencies": [
            "module.vpc.aws_internet_gateway.this",
            "module.vpc.aws_route_table.public",
            "module.vpc.aws_vpc.this",
            "module.vpc.aws_vpc_ipv4_cidr_block_association.this"
          ]
        }
      ]
    },
    {
      "module": "module.vpc",
      "mode": "managed",
      "type": "aws_route_table",
      "name": "private",
      "provider": "provider[\"registry.terraform.io/hashicorp/aws\"]",
      "instances": [
        {
          "index_key": 0,
          "schema_version": 0,
          "attributes": {
            "arn": "arn:aws:ec2:us-west-2:590436734461:route-table/rtb-094b24a381b553116",
            "id": "rtb-094b24a381b553116",
            "owner_id": "590436734461",
            "propagating_vgws": [],
            "route": [],
            "tags": {
              "Name": "Wave-cycle-private-us-west-2a"
            },
            "tags_all": {
              "Name": "Wave-cycle-private-us-west-2a",
              "hashicorp-learn": "module-use"
            },
            "timeouts": null,
            "vpc_id": "vpc-0b3ed58a44c39b1d6"
          },
          "sensitive_attributes": [],
          "private": "eyJlMmJmYjczMC1lY2FhLTExZTYtOGY4OC0zNDM2M2JjN2M0YzAiOnsiY3JlYXRlIjozMDAwMDAwMDAwMDAsImRlbGV0ZSI6MzAwMDAwMDAwMDAwLCJ1cGRhdGUiOjEyMDAwMDAwMDAwMH19",
          "dependencies": [
            "module.vpc.aws_vpc.this",
            "module.vpc.aws_vpc_ipv4_cidr_block_association.this"
          ]
        }
      ]
    },
    {
      "module": "module.vpc",
      "mode": "managed",
      "type": "aws_route_table",
      "name": "public",
      "provider": "provider[\"registry.terraform.io/hashicorp/aws\"]",
      "instances": [
        {
          "index_key": 0,
          "schema_version": 0,
          "attributes": {
            "arn": "arn:aws:ec2:us-west-2:590436734461:route-table/rtb-064cbb5e896e6a7d7",
            "id": "rtb-064cbb5e896e6a7d7",
            "owner_id": "590436734461",
            "propagating_vgws": [],
            "route": [],
            "tags": {
              "Name": "Wave-cycle-public"
            },
            "tags_all": {
              "Name": "Wave-cycle-public",
              "hashicorp-learn": "module-use"
            },
            "timeouts": null,
            "vpc_id": "vpc-0b3ed58a44c39b1d6"
          },
          "sensitive_attributes": [],
          "private": "eyJlMmJmYjczMC1lY2FhLTExZTYtOGY4OC0zNDM2M2JjN2M0YzAiOnsiY3JlYXRlIjozMDAwMDAwMDAwMDAsImRlbGV0ZSI6MzAwMDAwMDAwMDAwLCJ1cGRhdGUiOjEyMDAwMDAwMDAwMH19",
          "dependencies": [
            "module.vpc.aws_vpc.this",
            "module.vpc.aws_vpc_ipv4_cidr_block_association.this"
          ]
        }
      ]
    },
    {
      "module": "module.vpc",
      "mode": "managed",
      "type": "aws_route_table_association",
      "name": "private",
      "provider": "provider[\"registry.terraform.io/hashicorp/aws\"]",
      "instances": [
        {
          "index_key": 0,
          "schema_version": 0,
          "attributes": {
            "gateway_id": "",
            "id": "rtbassoc-07b825734a0163cb9",
            "route_table_id": "rtb-094b24a381b553116",
            "subnet_id": "subnet-0267bc633a92a998a"
          },
          "sensitive_attributes": [],
          "private": "bnVsbA==",
          "dependencies": [
            "module.vpc.aws_route_table.private",
            "module.vpc.aws_subnet.private",
            "module.vpc.aws_vpc.this",
            "module.vpc.aws_vpc_ipv4_cidr_block_association.this"
          ]
        }
      ]
    },
    {
      "module": "module.vpc",
      "mode": "managed",
      "type": "aws_route_table_association",
      "name": "public",
      "provider": "provider[\"registry.terraform.io/hashicorp/aws\"]",
      "instances": [
        {
          "index_key": 0,
          "schema_version": 0,
          "attributes": {
            "gateway_id": "",
            "id": "rtbassoc-0129c52dac05eb6fd",
            "route_table_id": "rtb-064cbb5e896e6a7d7",
            "subnet_id": "subnet-030796328680836ba"
          },
          "sensitive_attributes": [],
          "private": "bnVsbA==",
          "dependencies": [
            "module.vpc.aws_route_table.public",
            "module.vpc.aws_subnet.public",
            "module.vpc.aws_vpc.this",
            "module.vpc.aws_vpc_ipv4_cidr_block_association.this"
          ]
        }
      ]
    },
    {
      "module": "module.vpc",
      "mode": "managed",
      "type": "aws_subnet",
      "name": "private",
      "provider": "provider[\"registry.terraform.io/hashicorp/aws\"]",
      "instances": [
        {
          "index_key": 0,
          "schema_version": 1,
          "attributes": {
            "arn": "arn:aws:ec2:us-west-2:590436734461:subnet/subnet-0267bc633a92a998a",
            "assign_ipv6_address_on_creation": false,
            "availability_zone": "us-west-2a",
            "availability_zone_id": "usw2-az2",
            "cidr_block": "190.0.1.0/24",
            "customer_owned_ipv4_pool": "",
            "enable_dns64": false,
            "enable_resource_name_dns_a_record_on_launch": false,
            "enable_resource_name_dns_aaaa_record_on_launch": false,
            "id": "subnet-0267bc633a92a998a",
            "ipv6_cidr_block": "",
            "ipv6_cidr_block_association_id": "",
            "ipv6_native": false,
            "map_customer_owned_ip_on_launch": false,
            "map_public_ip_on_launch": false,
            "outpost_arn": "",
            "owner_id": "590436734461",
            "private_dns_hostname_type_on_launch": "ip-name",
            "tags": {
              "Name": "Wave-cycle-private-us-west-2a"
            },
            "tags_all": {
              "Name": "Wave-cycle-private-us-west-2a",
              "hashicorp-learn": "module-use"
            },
            "timeouts": null,
            "vpc_id": "vpc-0b3ed58a44c39b1d6"
          },
          "sensitive_attributes": [],
          "private": "eyJlMmJmYjczMC1lY2FhLTExZTYtOGY4OC0zNDM2M2JjN2M0YzAiOnsiY3JlYXRlIjo2MDAwMDAwMDAwMDAsImRlbGV0ZSI6MTIwMDAwMDAwMDAwMH0sInNjaGVtYV92ZXJzaW9uIjoiMSJ9",
          "dependencies": [
            "module.vpc.aws_vpc.this",
            "module.vpc.aws_vpc_ipv4_cidr_block_association.this"
          ]
        }
      ]
    },
    {
      "module": "module.vpc",
      "mode": "managed",
      "type": "aws_subnet",
      "name": "public",
      "provider": "provider[\"registry.terraform.io/hashicorp/aws\"]",
      "instances": [
        {
          "index_key": 0,
          "schema_version": 1,
          "attributes": {
            "arn": "arn:aws:ec2:us-west-2:590436734461:subnet/subnet-030796328680836ba",
            "assign_ipv6_address_on_creation": false,
            "availability_zone": "us-west-2a",
            "availability_zone_id": "usw2-az2",
            "cidr_block": "190.0.0.0/24",
            "customer_owned_ipv4_pool": "",
            "enable_dns64": false,
            "enable_resource_name_dns_a_record_on_launch": false,
            "enable_resource_name_dns_aaaa_record_on_launch": false,
            "id": "subnet-030796328680836ba",
            "ipv6_cidr_block": "",
            "ipv6_cidr_block_association_id": "",
            "ipv6_native": false,
            "map_customer_owned_ip_on_launch": false,
            "map_public_ip_on_launch": true,
            "outpost_arn": "",
            "owner_id": "590436734461",
            "private_dns_hostname_type_on_launch": "ip-name",
            "tags": {
              "Name": "Wave-cycle-public-us-west-2a"
            },
            "tags_all": {
              "Name": "Wave-cycle-public-us-west-2a",
              "hashicorp-learn": "module-use"
            },
            "timeouts": null,
            "vpc_id": "vpc-0b3ed58a44c39b1d6"
          },
          "sensitive_attributes": [],
          "private": "eyJlMmJmYjczMC1lY2FhLTExZTYtOGY4OC0zNDM2M2JjN2M0YzAiOnsiY3JlYXRlIjo2MDAwMDAwMDAwMDAsImRlbGV0ZSI6MTIwMDAwMDAwMDAwMH0sInNjaGVtYV92ZXJzaW9uIjoiMSJ9",
          "dependencies": [
            "module.vpc.aws_vpc.this",
            "module.vpc.aws_vpc_ipv4_cidr_block_association.this"
          ]
        }
      ]
    },
    {
      "module": "module.vpc",
      "mode": "managed",
      "type": "aws_vpc",
      "name": "this",
      "provider": "provider[\"registry.terraform.io/hashicorp/aws\"]",
      "instances": [
        {
          "index_key": 0,
          "schema_version": 1,
          "attributes": {
            "arn": "arn:aws:ec2:us-west-2:590436734461:vpc/vpc-0b3ed58a44c39b1d6",
            "assign_generated_ipv6_cidr_block": false,
            "cidr_block": "190.0.0.0/16",
            "default_network_acl_id": "acl-0eeed1aba4b68d8e6",
            "default_route_table_id": "rtb-014e56d6096ed12ad",
            "default_security_group_id": "sg-073283f5213c8d2c4",
            "dhcp_options_id": "dopt-078f19c80454c6f64",
            "enable_classiclink": false,
            "enable_classiclink_dns_support": false,
            "enable_dns_hostnames": false,
            "enable_dns_support": true,
            "id": "vpc-0b3ed58a44c39b1d6",
            "instance_tenancy": "default",
            "ipv4_ipam_pool_id": null,
            "ipv4_netmask_length": null,
            "ipv6_association_id": "",
            "ipv6_cidr_block": "",
            "ipv6_cidr_block_network_border_group": "",
            "ipv6_ipam_pool_id": "",
            "ipv6_netmask_length": 0,
            "main_route_table_id": "rtb-014e56d6096ed12ad",
            "owner_id": "590436734461",
            "tags": {
              "Name": "Wave-cycle"
            },
            "tags_all": {
              "Name": "Wave-cycle",
              "hashicorp-learn": "module-use"
            }
          },
          "sensitive_attributes": [],
          "private": "eyJzY2hlbWFfdmVyc2lvbiI6IjEifQ==",
          "create_before_destroy": true
        }
      ]
    },
    {
      "module": "module.vpc",
      "mode": "managed",
      "type": "aws_vpn_gateway",
      "name": "this",
      "provider": "provider[\"registry.terraform.io/hashicorp/aws\"]",
      "instances": [
        {
          "index_key": 0,
          "schema_version": 0,
          "attributes": {
            "amazon_side_asn": "64512",
            "arn": "arn:aws:ec2:us-west-2:590436734461:vpn-gateway/vgw-04ad574471cb212b4",
            "availability_zone": null,
            "id": "vgw-04ad574471cb212b4",
            "tags": {
              "Name": "Wave-cycle"
            },
            "tags_all": {
              "Name": "Wave-cycle",
              "hashicorp-learn": "module-use"
            },
            "vpc_id": "vpc-0b3ed58a44c39b1d6"
          },
          "sensitive_attributes": [],
          "private": "bnVsbA==",
          "dependencies": [
            "module.vpc.aws_vpc.this",
            "module.vpc.aws_vpc_ipv4_cidr_block_association.this"
          ]
        }
      ]
    }
  ],
  "check_results": []
}
